Microsoft Visual Studio Solution File, Format Version 11.00
# Visual Studio 2008

Project("{097EA716-3A3F-7D42-6203-A13911FA7AD6}") = "Mica", "Assembly-CSharp-firstpass.csproj", "{F7F61D10-1456-0ABC-C001-97EF26619688}"
EndProject
Project("{097EA716-3A3F-7D42-6203-A13911FA7AD6}") = "Mica", "Assembly-CSharp.csproj", "{845085D1-A29F-464E-F4D5-5BC413FDFB9C}"
EndProject
Project("{097EA716-3A3F-7D42-6203-A13911FA7AD6}") = "Mica", "Assembly-CSharp-Editor.csproj", "{4EA73440-6C57-A385-0358-0C09377A8E67}"
EndProject
Global
	GlobalSection(SolutionConfigurationPlatforms) = preSolution
		Debug|Any CPU = Debug|Any CPU
		Release|Any CPU = Release|Any CPU
	EndGlobalSection
	GlobalSection(ProjectConfigurationPlatforms) = postSolution
		{F7F61D10-1456-0ABC-C001-97EF26619688}.Debug|Any CPU.ActiveCfg = Debug|Any CPU
		{F7F61D10-1456-0ABC-C001-97EF26619688}.Debug|Any CPU.Build.0 = Debug|Any CPU
		{F7F61D10-1456-0ABC-C001-97EF26619688}.Release|Any CPU.ActiveCfg = Release|Any CPU
		{F7F61D10-1456-0ABC-C001-97EF26619688}.Release|Any CPU.Build.0 = Release|Any CPU
		{845085D1-A29F-464E-F4D5-5BC413FDFB9C}.Debug|Any CPU.ActiveCfg = Debug|Any CPU
		{845085D1-A29F-464E-F4D5-5BC413FDFB9C}.Debug|Any CPU.Build.0 = Debug|Any CPU
		{845085D1-A29F-464E-F4D5-5BC413FDFB9C}.Release|Any CPU.ActiveCfg = Release|Any CPU
		{845085D1-A29F-464E-F4D5-5BC413FDFB9C}.Release|Any CPU.Build.0 = Release|Any CPU
		{4EA73440-6C57-A385-0358-0C09377A8E67}.Debug|Any CPU.ActiveCfg = Debug|Any CPU
		{4EA73440-6C57-A385-0358-0C09377A8E67}.Debug|Any CPU.Build.0 = Debug|Any CPU
		{4EA73440-6C57-A385-0358-0C09377A8E67}.Release|Any CPU.ActiveCfg = Release|Any CPU
		{4EA73440-6C57-A385-0358-0C09377A8E67}.Release|Any CPU.Build.0 = Release|Any CPU
	EndGlobalSection
	GlobalSection(SolutionProperties) = preSolution
		HideSolutionNode = FALSE
	EndGlobalSection
	GlobalSection(MonoDevelopProperties) = preSolution
		StartupItem = Assembly-CSharp.csproj
	EndGlobalSection
EndGlobal
